
Microsoft Visual Studio Solution File, Format Version 12.00
# Visual Studio 15
VisualStudioVersion = 15.0.26403.7
MinimumVisualStudioVersion = 10.0.40219.1
Project("{FAE04EC0-301F-11D3-BF4B-00C04F79EFBC}") = "FibonacCsharp", "consoleTest\FibonacCsharp.csproj", "{07A0D8D4-6D84-495D-89E4-5791425BA785}"
EndProject
Global
	GlobalSection(SolutionConfigurationPlatforms) = preSolution
		Debug|Any CPU = Debug|Any CPU
		Release|Any CPU = Release|Any CPU
	EndGlobalSection
	GlobalSection(ProjectConfigurationPlatforms) = postSolution
		{07A0D8D4-6D84-495D-89E4-5791425BA785}.Debug|Any CPU.ActiveCfg = Debug|Any CPU
		{07A0D8D4-6D84-495D-89E4-5791425BA785}.Debug|Any CPU.Build.0 = Debug|Any CPU
		{07A0D8D4-6D84-495D-89E4-5791425BA785}.Release|Any CPU.ActiveCfg = Release|Any CPU
		{07A0D8D4-6D84-495D-89E4-5791425BA785}.Release|Any CPU.Build.0 = Release|Any CPU
	EndGlobalSection
	GlobalSection(SolutionProperties) = preSolution
		HideSolutionNode = FALSE
	EndGlobalSection
EndGlobal
